// !$*UTF8*$!
{
	archiveVersion = 1;
	classes = {
	};
	objectVersion = 55;
	objects = {

/* Begin PBXBuildFile section */
		970FCAF5280A0B7300F2B7E0 /* WeatherView.swift in Sources */ = {isa = PBXBuildFile; fileRef = 970FCAF4280A0B7300F2B7E0 /* WeatherView.swift */; };
		970FCAFB280F387C00F2B7E0 /* CityNameViewModel.swift in Sources */ = {isa = PBXBuildFile; fileRef = 970FCAFA280F387C00F2B7E0 /* CityNameViewModel.swift */; };
		971DBDAF27EA42DC00DE0B21 /* HourlyWeather.swift in Sources */ = {isa = PBXBuildFile; fileRef = 971DBDAE27EA42DC00DE0B21 /* HourlyWeather.swift */; };
		971DBDB227EA4CC800DE0B21 /* OnboardingView.swift in Sources */ = {isa = PBXBuildFile; fileRef = 971DBDB127EA4CC800DE0B21 /* OnboardingView.swift */; };
		971DBDB527EA51E400DE0B21 /* WeatherModel.swift in Sources */ = {isa = PBXBuildFile; fileRef = 971DBDB427EA51E400DE0B21 /* WeatherModel.swift */; };
		971DBDB727EA53F600DE0B21 /* WeatherAPIViewModel.swift in Sources */ = {isa = PBXBuildFile; fileRef = 971DBDB627EA53F600DE0B21 /* WeatherAPIViewModel.swift */; };
		971DBDBA27EA54C400DE0B21 /* LocationManager.swift in Sources */ = {isa = PBXBuildFile; fileRef = 971DBDB927EA54C400DE0B21 /* LocationManager.swift */; };
		971DBDBC27EA62D800DE0B21 /* WeatherService.swift in Sources */ = {isa = PBXBuildFile; fileRef = 971DBDBB27EA62D700DE0B21 /* WeatherService.swift */; };
		971DBDBE27EA6AA600DE0B21 /* LoadingScreen.swift in Sources */ = {isa = PBXBuildFile; fileRef = 971DBDBD27EA6AA600DE0B21 /* LoadingScreen.swift */; };
		971DBDC227EA6C8B00DE0B21 /* ModelData.swift in Sources */ = {isa = PBXBuildFile; fileRef = 971DBDC127EA6C8B00DE0B21 /* ModelData.swift */; };
		971DBDC427EA6DA900DE0B21 /* weatherData.json in Resources */ = {isa = PBXBuildFile; fileRef = 971DBDC327EA6DA900DE0B21 /* weatherData.json */; };
		971DBDC727EA6EC300DE0B21 /* Double.swift in Sources */ = {isa = PBXBuildFile; fileRef = 971DBDC627EA6EC300DE0B21 /* Double.swift */; };
		971E7AF627EB901300C60970 /* FooterView.swift in Sources */ = {isa = PBXBuildFile; fileRef = 971E7AF527EB901300C60970 /* FooterView.swift */; };
		971E7AF827EB991400C60970 /* DescriptionView.swift in Sources */ = {isa = PBXBuildFile; fileRef = 971E7AF727EB991400C60970 /* DescriptionView.swift */; };
		971E7AFA27EBA0D400C60970 /* DailyWeatherView.swift in Sources */ = {isa = PBXBuildFile; fileRef = 971E7AF927EBA0D400C60970 /* DailyWeatherView.swift */; };
		971E7AFC27EBA64800C60970 /* HeaderView.swift in Sources */ = {isa = PBXBuildFile; fileRef = 971E7AFB27EBA64800C60970 /* HeaderView.swift */; };
		971E7B0427ED07EA00C60970 /* CityRowView.swift in Sources */ = {isa = PBXBuildFile; fileRef = 971E7B0327ED07EA00C60970 /* CityRowView.swift */; };
		971E7B0627ED151600C60970 /* SourceLinkView.swift in Sources */ = {isa = PBXBuildFile; fileRef = 971E7B0527ED151600C60970 /* SourceLinkView.swift */; };
		9724EF9827F3786F0069E5AF /* CityWeatherModel.swift in Sources */ = {isa = PBXBuildFile; fileRef = 9724EF9727F3786F0069E5AF /* CityWeatherModel.swift */; };
		972BB77527DFAF250092177F /* WeatherAPIApp.swift in Sources */ = {isa = PBXBuildFile; fileRef = 972BB77427DFAF250092177F /* WeatherAPIApp.swift */; };
		972BB77727DFAF250092177F /* ContentView.swift in Sources */ = {isa = PBXBuildFile; fileRef = 972BB77627DFAF250092177F /* ContentView.swift */; };
		972BB77927DFAF260092177F /* Assets.xcassets in Resources */ = {isa = PBXBuildFile; fileRef = 972BB77827DFAF260092177F /* Assets.xcassets */; };
		972BB77C27DFAF260092177F /* Preview Assets.xcassets in Resources */ = {isa = PBXBuildFile; fileRef = 972BB77B27DFAF260092177F /* Preview Assets.xcassets */; };
/* End PBXBuildFile section */

/* Begin PBXFileReference section */
		970FCAF4280A0B7300F2B7E0 /* WeatherView.swift */ = {isa = PBXFileReference; lastKnownFileType = sourcecode.swift; path = WeatherView.swift; sourceTree = "<group>"; };
		970FCAFA280F387C00F2B7E0 /* CityNameViewModel.swift */ = {isa = PBXFileReference; lastKnownFileType = sourcecode.swift; path = CityNameViewModel.swift; sourceTree = "<group>"; };
		971DBDAE27EA42DC00DE0B21 /* HourlyWeather.swift */ = {isa = PBXFileReference; lastKnownFileType = sourcecode.swift; path = HourlyWeather.swift; sourceTree = "<group>"; };
		971DBDB127EA4CC800DE0B21 /* OnboardingView.swift */ = {isa = PBXFileReference; lastKnownFileType = sourcecode.swift; path = OnboardingView.swift; sourceTree = "<group>"; };
		971DBDB427EA51E400DE0B21 /* WeatherModel.swift */ = {isa = PBXFileReference; lastKnownFileType = sourcecode.swift; path = WeatherModel.swift; sourceTree = "<group>"; };
		971DBDB627EA53F600DE0B21 /* WeatherAPIViewModel.swift */ = {isa = PBXFileReference; lastKnownFileType = sourcecode.swift; path = WeatherAPIViewModel.swift; sourceTree = "<group>"; };
		971DBDB927EA54C400DE0B21 /* LocationManager.swift */ = {isa = PBXFileReference; lastKnownFileType = sourcecode.swift; path = LocationManager.swift; sourceTree = "<group>"; };
		971DBDBB27EA62D700DE0B21 /* WeatherService.swift */ = {isa = PBXFileReference; lastKnownFileType = sourcecode.swift; path = WeatherService.swift; sourceTree = "<group>"; };
		971DBDBD27EA6AA600DE0B21 /* LoadingScreen.swift */ = {isa = PBXFileReference; lastKnownFileType = sourcecode.swift; path = LoadingScreen.swift; sourceTree = "<group>"; };
		971DBDC127EA6C8B00DE0B21 /* ModelData.swift */ = {isa = PBXFileReference; lastKnownFileType = sourcecode.swift; path = ModelData.swift; sourceTree = "<group>"; };
		971DBDC327EA6DA900DE0B21 /* weatherData.json */ = {isa = PBXFileReference; lastKnownFileType = text.json; path = weatherData.json; sourceTree = "<group>"; };
		971DBDC627EA6EC300DE0B21 /* Double.swift */ = {isa = PBXFileReference; lastKnownFileType = sourcecode.swift; path = Double.swift; sourceTree = "<group>"; };
		971E7AF527EB901300C60970 /* FooterView.swift */ = {isa = PBXFileReference; lastKnownFileType = sourcecode.swift; path = FooterView.swift; sourceTree = "<group>"; };
		971E7AF727EB991400C60970 /* DescriptionView.swift */ = {isa = PBXFileReference; lastKnownFileType = sourcecode.swift; path = DescriptionView.swift; sourceTree = "<group>"; };
		971E7AF927EBA0D400C60970 /* DailyWeatherView.swift */ = {isa = PBXFileReference; lastKnownFileType = sourcecode.swift; path = DailyWeatherView.swift; sourceTree = "<group>"; };
		971E7AFB27EBA64800C60970 /* HeaderView.swift */ = {isa = PBXFileReference; lastKnownFileType = sourcecode.swift; path = HeaderView.swift; sourceTree = "<group>"; };
		971E7B0327ED07EA00C60970 /* CityRowView.swift */ = {isa = PBXFileReference; lastKnownFileType = sourcecode.swift; path = CityRowView.swift; sourceTree = "<group>"; };
		971E7B0527ED151600C60970 /* SourceLinkView.swift */ = {isa = PBXFileReference; lastKnownFileType = sourcecode.swift; path = SourceLinkView.swift; sourceTree = "<group>"; };
		9724EF9727F3786F0069E5AF /* CityWeatherModel.swift */ = {isa = PBXFileReference; lastKnownFileType = sourcecode.swift; path = CityWeatherModel.swift; sourceTree = "<group>"; };
		972BB77127DFAF250092177F /* WeatherAPI.app */ = {isa = PBXFileReference; explicitFileType = wrapper.application; includeInIndex = 0; path = WeatherAPI.app; sourceTree = BUILT_PRODUCTS_DIR; };
		972BB77427DFAF250092177F /* WeatherAPIApp.swift */ = {isa = PBXFileReference; lastKnownFileType = sourcecode.swift; path = WeatherAPIApp.swift; sourceTree = "<group>"; };
		972BB77627DFAF250092177F /* ContentView.swift */ = {isa = PBXFileReference; lastKnownFileType = sourcecode.swift; path = ContentView.swift; sourceTree = "<group>"; };
		972BB77827DFAF260092177F /* Assets.xcassets */ = {isa = PBXFileReference; lastKnownFileType = folder.assetcatalog; path = Assets.xcassets; sourceTree = "<group>"; };
		972BB77B27DFAF260092177F /* Preview Assets.xcassets */ = {isa = PBXFileReference; lastKnownFileType = folder.assetcatalog; path = "Preview Assets.xcassets"; sourceTree = "<group>"; };
/* End PBXFileReference section */

/* Begin PBXFrameworksBuildPhase section */
		972BB76E27DFAF250092177F /* Frameworks */ = {
			isa = PBXFrameworksBuildPhase;
			buildActionMask = 2147483647;
			files = (
			);
			runOnlyForDeploymentPostprocessing = 0;
		};
/* End PBXFrameworksBuildPhase section */

/* Begin PBXGroup section */
		971DBDAA27EA3C5D00DE0B21 /* Views */ = {
			isa = PBXGroup;
			children = (
				971DBDAE27EA42DC00DE0B21 /* HourlyWeather.swift */,
				971DBDBD27EA6AA600DE0B21 /* LoadingScreen.swift */,
				971E7AF527EB901300C60970 /* FooterView.swift */,
				971E7AF727EB991400C60970 /* DescriptionView.swift */,
				971E7AF927EBA0D400C60970 /* DailyWeatherView.swift */,
				971E7AFB27EBA64800C60970 /* HeaderView.swift */,
				971E7B0327ED07EA00C60970 /* CityRowView.swift */,
				971E7B0527ED151600C60970 /* SourceLinkView.swift */,
			);
			path = Views;
			sourceTree = "<group>";
		};
		971DBDAB27EA3C6B00DE0B21 /* App */ = {
			isa = PBXGroup;
			children = (
				971DBDB127EA4CC800DE0B21 /* OnboardingView.swift */,
				972BB77427DFAF250092177F /* WeatherAPIApp.swift */,
				972BB77627DFAF250092177F /* ContentView.swift */,
				970FCAF4280A0B7300F2B7E0 /* WeatherView.swift */,
			);
			path = App;
			sourceTree = "<group>";
		};
		971DBDB027EA46B600DE0B21 /* ViewModels */ = {
			isa = PBXGroup;
			children = (
				971DBDB627EA53F600DE0B21 /* WeatherAPIViewModel.swift */,
				970FCAFA280F387C00F2B7E0 /* CityNameViewModel.swift */,
			);
			path = ViewModels;
			sourceTree = "<group>";
		};
		971DBDB327EA51D500DE0B21 /* Models */ = {
			isa = PBXGroup;
			children = (
				971DBDB427EA51E400DE0B21 /* WeatherModel.swift */,
				9724EF9727F3786F0069E5AF /* CityWeatherModel.swift */,
			);
			path = Models;
			sourceTree = "<group>";
		};
		971DBDB827EA54B400DE0B21 /* Managers */ = {
			isa = PBXGroup;
			children = (
				971DBDB927EA54C400DE0B21 /* LocationManager.swift */,
				971DBDBB27EA62D700DE0B21 /* WeatherService.swift */,
			);
			path = Managers;
			sourceTree = "<group>";
		};
		971DBDC527EA6EAA00DE0B21 /* Extensions */ = {
			isa = PBXGroup;
			children = (
				971DBDC627EA6EC300DE0B21 /* Double.swift */,
			);
			path = Extensions;
			sourceTree = "<group>";
		};
		972BB76827DFAF250092177F = {
			isa = PBXGroup;
			children = (
				972BB77327DFAF250092177F /* WeatherAPI */,
				972BB77227DFAF250092177F /* Products */,
			);
			sourceTree = "<group>";
		};
		972BB77227DFAF250092177F /* Products */ = {
			isa = PBXGroup;
			children = (
				972BB77127DFAF250092177F /* WeatherAPI.app */,
			);
			name = Products;
			sourceTree = "<group>";
		};
		972BB77327DFAF250092177F /* WeatherAPI */ = {
			isa = PBXGroup;
			children = (
				971DBDC527EA6EAA00DE0B21 /* Extensions */,
				971DBDB827EA54B400DE0B21 /* Managers */,
				971DBDB327EA51D500DE0B21 /* Models */,
				971DBDB027EA46B600DE0B21 /* ViewModels */,
				971DBDAB27EA3C6B00DE0B21 /* App */,
				971DBDAA27EA3C5D00DE0B21 /* Views */,
				972BB77827DFAF260092177F /* Assets.xcassets */,
				972BB77A27DFAF260092177F /* Preview Content */,
			);
			path = WeatherAPI;
			sourceTree = "<group>";
		};
		972BB77A27DFAF260092177F /* Preview Content */ = {
			isa = PBXGroup;
			children = (
				972BB77B27DFAF260092177F /* Preview Assets.xcassets */,
				971DBDC127EA6C8B00DE0B21 /* ModelData.swift */,
				971DBDC327EA6DA900DE0B21 /* weatherData.json */,
			);
			path = "Preview Content";
			sourceTree = "<group>";
		};
/* End PBXGroup section */

/* Begin PBXNativeTarget section */
		972BB77027DFAF250092177F /* WeatherAPI */ = {
			isa = PBXNativeTarget;
			buildConfigurationList = 972BB77F27DFAF260092177F /* Build configuration list for PBXNativeTarget "WeatherAPI" */;
			buildPhases = (
				972BB76D27DFAF250092177F /* Sources */,
				972BB76E27DFAF250092177F /* Frameworks */,
				972BB76F27DFAF250092177F /* Resources */,
			);
			buildRules = (
			);
			dependencies = (
			);
			name = WeatherAPI;
			productName = WeatherAPI;
			productReference = 972BB77127DFAF250092177F /* WeatherAPI.app */;
			productType = "com.apple.product-type.application";
		};
/* End PBXNativeTarget section */

/* Begin PBXProject section */
		972BB76927DFAF250092177F /* Project object */ = {
			isa = PBXProject;
			attributes = {
				BuildIndependentTargetsInParallel = 1;
				LastSwiftUpdateCheck = 1300;
				LastUpgradeCheck = 1300;
				TargetAttributes = {
					972BB77027DFAF250092177F = {
						CreatedOnToolsVersion = 13.0;
					};
				};
			};
			buildConfigurationList = 972BB76C27DFAF250092177F /* Build configuration list for PBXProject "WeatherAPI" */;
			compatibilityVersion = "Xcode 13.0";
			developmentRegion = en;
			hasScannedForEncodings = 0;
			knownRegions = (
				en,
				Base,
			);
			mainGroup = 972BB76827DFAF250092177F;
			productRefGroup = 972BB77227DFAF250092177F /* Products */;
			projectDirPath = "";
			projectRoot = "";
			targets = (
				972BB77027DFAF250092177F /* WeatherAPI */,
			);
		};
/* End PBXProject section */

/* Begin PBXResourcesBuildPhase section */
		972BB76F27DFAF250092177F /* Resources */ = {
			isa = PBXResourcesBuildPhase;
			buildActionMask = 2147483647;
			files = (
				971DBDC427EA6DA900DE0B21 /* weatherData.json in Resources */,
				972BB77C27DFAF260092177F /* Preview Assets.xcassets in Resources */,
				972BB77927DFAF260092177F /* Assets.xcassets in Resources */,
			);
			runOnlyForDeploymentPostprocessing = 0;
		};
/* End PBXResourcesBuildPhase section */

/* Begin PBXSourcesBuildPhase section */
		972BB76D27DFAF250092177F /* Sources */ = {
			isa = PBXSourcesBuildPhase;
			buildActionMask = 2147483647;
			files = (
				971E7B0627ED151600C60970 /* SourceLinkView.swift in Sources */,
				971DBDBE27EA6AA600DE0B21 /* LoadingScreen.swift in Sources */,
				971DBDAF27EA42DC00DE0B21 /* HourlyWeather.swift in Sources */,
				972BB77727DFAF250092177F /* ContentView.swift in Sources */,
				971E7AF627EB901300C60970 /* FooterView.swift in Sources */,
				971E7B0427ED07EA00C60970 /* CityRowView.swift in Sources */,
				971DBDC727EA6EC300DE0B21 /* Double.swift in Sources */,
				9724EF9827F3786F0069E5AF /* CityWeatherModel.swift in Sources */,
				971E7AFC27EBA64800C60970 /* HeaderView.swift in Sources */,
				972BB77527DFAF250092177F /* WeatherAPIApp.swift in Sources */,
				971DBDC227EA6C8B00DE0B21 /* ModelData.swift in Sources */,
				971DBDB727EA53F600DE0B21 /* WeatherAPIViewModel.swift in Sources */,
				971E7AF827EB991400C60970 /* DescriptionView.swift in Sources */,
				970FCAF5280A0B7300F2B7E0 /* WeatherView.swift in Sources */,
				971DBDBA27EA54C400DE0B21 /* LocationManager.swift in Sources */,
				971DBDB227EA4CC800DE0B21 /* OnboardingView.swift in Sources */,
				970FCAFB280F387C00F2B7E0 /* CityNameViewModel.swift in Sources */,
				971DBDBC27EA62D800DE0B21 /* WeatherService.swift in Sources */,
				971DBDB527EA51E400DE0B21 /* WeatherModel.swift in Sources */,
				971E7AFA27EBA0D400C60970 /* DailyWeatherView.swift in Sources */,
			);
			runOnlyForDeploymentPostprocessing = 0;
		};
/* End PBXSourcesBuildPhase section */

/* Begin XCBuildConfiguration section */
		972BB77D27DFAF260092177F /* Debug */ = {
			isa = XCBuildConfiguration;
			buildSettings = {
				ALWAYS_SEARCH_USER_PATHS = NO;
				CLANG_ANALYZER_NONNULL = YES;
				CLANG_ANALYZER_NUMBER_OBJECT_CONVERSION = YES_AGGRESSIVE;
				CLANG_CXX_LANGUAGE_STANDARD = "gnu++17";
				CLANG_CXX_LIBRARY = "libc++";
				CLANG_ENABLE_MODULES = YES;
				CLANG_ENABLE_OBJC_ARC = YES;
				CLANG_ENABLE_OBJC_WEAK = YES;
				CLANG_WARN_BLOCK_CAPTURE_AUTORELEASING = YES;
				CLANG_WARN_BOOL_CONVERSION = YES;
				CLANG_WARN_COMMA = YES;
				CLANG_WARN_CONSTANT_CONVERSION = YES;
				CLANG_WARN_DEPRECATED_OBJC_IMPLEMENTATIONS = YES;
				CLANG_WARN_DIRECT_OBJC_ISA_USAGE = YES_ERROR;
				CLANG_WARN_DOCUMENTATION_COMMENTS = YES;
				CLANG_WARN_EMPTY_BODY = YES;
				CLANG_WARN_ENUM_CONVERSION = YES;
				CLANG_WARN_INFINITE_RECURSION = YES;
				CLANG_WARN_INT_CONVERSION = YES;
				CLANG_WARN_NON_LITERAL_NULL_CONVERSION = YES;
				CLANG_WARN_OBJC_IMPLICIT_RETAIN_SELF = YES;
				CLANG_WARN_OBJC_LITERAL_CONVERSION = YES;
				CLANG_WARN_OBJC_ROOT_CLASS = YES_ERROR;
				CLANG_WARN_QUOTED_INCLUDE_IN_FRAMEWORK_HEADER = YES;
				CLANG_WARN_RANGE_LOOP_ANALYSIS = YES;
				CLANG_WARN_STRICT_PROTOTYPES = YES;
				CLANG_WARN_SUSPICIOUS_MOVE = YES;
				CLANG_WARN_UNGUARDED_AVAILABILITY = YES_AGGRESSIVE;
				CLANG_WARN_UNREACHABLE_CODE = YES;
				CLANG_WARN__DUPLICATE_METHOD_MATCH = YES;
				COPY_PHASE_STRIP = NO;
				DEBUG_INFORMATION_FORMAT = dwarf;
				ENABLE_STRICT_OBJC_MSGSEND = YES;
				ENABLE_TESTABILITY = YES;
				GCC_C_LANGUAGE_STANDARD = gnu11;
				GCC_DYNAMIC_NO_PIC = NO;
				GCC_NO_COMMON_BLOCKS = YES;
				GCC_OPTIMIZATION_LEVEL = 0;
				GCC_PREPROCESSOR_DEFINITIONS = (
					"DEBUG=1",
					"$(inherited)",
				);
				GCC_WARN_64_TO_32_BIT_CONVERSION = YES;
				GCC_WARN_ABOUT_RETURN_TYPE = YES_ERROR;
				GCC_WARN_UNDECLARED_SELECTOR = YES;
				GCC_WARN_UNINITIALIZED_AUTOS = YES_AGGRESSIVE;
				GCC_WARN_UNUSED_FUNCTION = YES;
				GCC_WARN_UNUSED_VARIABLE = YES;
				IPHONEOS_DEPLOYMENT_TARGET = 15.0;
				MTL_ENABLE_DEBUG_INFO = INCLUDE_SOURCE;
				MTL_FAST_MATH = YES;
				ONLY_ACTIVE_ARCH = YES;
				SDKROOT = iphoneos;
				SWIFT_ACTIVE_COMPILATION_CONDITIONS = DEBUG;
				SWIFT_OPTIMIZATION_LEVEL = "-Onone";
			};
			name = Debug;
		};
		972BB77E27DFAF260092177F /* Release */ = {
			isa = XCBuildConfiguration;
			buildSettings = {
				ALWAYS_SEARCH_USER_PATHS = NO;
				CLANG_ANALYZER_NONNULL = YES;
				CLANG_ANALYZER_NUMBER_OBJECT_CONVERSION = YES_AGGRESSIVE;
				CLANG_CXX_LANGUAGE_STANDARD = "gnu++17";
				CLANG_CXX_LIBRARY = "libc++";
				CLANG_ENABLE_MODULES = YES;
				CLANG_ENABLE_OBJC_ARC = YES;
				CLANG_ENABLE_OBJC_WEAK = YES;
				CLANG_WARN_BLOCK_CAPTURE_AUTORELEASING = YES;
				CLANG_WARN_BOOL_CONVERSION = YES;
				CLANG_WARN_COMMA = YES;
				CLANG_WARN_CONSTANT_CONVERSION = YES;
				CLANG_WARN_DEPRECATED_OBJC_IMPLEMENTATIONS = YES;
				CLANG_WARN_DIRECT_OBJC_ISA_USAGE = YES_ERROR;
				CLANG_WARN_DOCUMENTATION_COMMENTS = YES;
				CLANG_WARN_EMPTY_BODY = YES;
				CLANG_WARN_ENUM_CONVERSION = YES;
				CLANG_WARN_INFINITE_RECURSION = YES;
				CLANG_WARN_INT_CONVERSION = YES;
				CLANG_WARN_NON_LITERAL_NULL_CONVERSION = YES;
				CLANG_WARN_OBJC_IMPLICIT_RETAIN_SELF = YES;
				CLANG_WARN_OBJC_LITERAL_CONVERSION = YES;
				CLANG_WARN_OBJC_ROOT_CLASS = YES_ERROR;
				CLANG_WARN_QUOTED_INCLUDE_IN_FRAMEWORK_HEADER = YES;
				CLANG_WARN_RANGE_LOOP_ANALYSIS = YES;
				CLANG_WARN_STRICT_PROTOTYPES = YES;
				CLANG_WARN_SUSPICIOUS_MOVE = YES;
				CLANG_WARN_UNGUARDED_AVAILABILITY = YES_AGGRESSIVE;
				CLANG_WARN_UNREACHABLE_CODE = YES;
				CLANG_WARN__DUPLICATE_METHOD_MATCH = YES;
				COPY_PHASE_STRIP = NO;
				DEBUG_INFORMATION_FORMAT = "dwarf-with-dsym";
				ENABLE_NS_ASSERTIONS = NO;
				ENABLE_STRICT_OBJC_MSGSEND = YES;
				GCC_C_LANGUAGE_STANDARD = gnu11;
				GCC_NO_COMMON_BLOCKS = YES;
				GCC_WARN_64_TO_32_BIT_CONVERSION = YES;
				GCC_WARN_ABOUT_RETURN_TYPE = YES_ERROR;
				GCC_WARN_UNDECLARED_SELECTOR = YES;
				GCC_WARN_UNINITIALIZED_AUTOS = YES_AGGRESSIVE;
				GCC_WARN_UNUSED_FUNCTION = YES;
				GCC_WARN_UNUSED_VARIABLE = YES;
				IPHONEOS_DEPLOYMENT_TARGET = 15.0;
				MTL_ENABLE_DEBUG_INFO = NO;
				MTL_FAST_MATH = YES;
				SDKROOT = iphoneos;
				SWIFT_COMPILATION_MODE = wholemodule;
				SWIFT_OPTIMIZATION_LEVEL = "-O";
				VALIDATE_PRODUCT = YES;
			};
			name = Release;
		};
		972BB78027DFAF260092177F /* Debug */ = {
			isa = XCBuildConfiguration;
			buildSettings = {
				ASSETCATALOG_COMPILER_APPICON_NAME = AppIcon;
				ASSETCATALOG_COMPILER_GLOBAL_ACCENT_COLOR_NAME = AccentColor;
				CODE_SIGN_STYLE = Automatic;
				CURRENT_PROJECT_VERSION = 1;
				DEVELOPMENT_ASSET_PATHS = "\"WeatherAPI/Preview Content\"";
				DEVELOPMENT_TEAM = 979T59XLUF;
				ENABLE_PREVIEWS = YES;
				GENERATE_INFOPLIST_FILE = YES;
				INFOPLIST_KEY_NSLocationWhenInUseUsageDescription = "Please allow us to access your location";
				INFOPLIST_KEY_UIApplicationSceneManifest_Generation = YES;
				INFOPLIST_KEY_UIApplicationSupportsIndirectInputEvents = YES;
				INFOPLIST_KEY_UILaunchScreen_Generation = YES;
				INFOPLIST_KEY_UISupportedInterfaceOrientations = UIInterfaceOrientationPortrait;
				INFOPLIST_KEY_UISupportedInterfaceOrientations_iPad = "UIInterfaceOrientationPortrait UIInterfaceOrientationPortraitUpsideDown UIInterfaceOrientationLandscapeLeft UIInterfaceOrientationLandscapeRight";
				INFOPLIST_KEY_UISupportedInterfaceOrientations_iPhone = "UIInterfaceOrientationPortrait UIInterfaceOrientationLandscapeLeft UIInterfaceOrientationLandscapeRight";
				IPHONEOS_DEPLOYMENT_TARGET = 15.0;
				LD_RUNPATH_SEARCH_PATHS = (
					"$(inherited)",
					"@executable_path/Frameworks",
				);
				MARKETING_VERSION = 1.0;
				PRODUCT_BUNDLE_IDENTIFIER = com.markskurat.WeatherAPI;
				PRODUCT_NAME = "$(TARGET_NAME)";
				SWIFT_EMIT_LOC_STRINGS = YES;
				SWIFT_VERSION = 5.0;
				TARGETED_DEVICE_FAMILY = 1;
			};
			name = Debug;
		};
		972BB78127DFAF260092177F /* Release */ = {
			isa = XCBuildConfiguration;
			buildSettings = {
				ASSETCATALOG_COMPILER_APPICON_NAME = AppIcon;
				ASSETCATALOG_COMPILER_GLOBAL_ACCENT_COLOR_NAME = AccentColor;
				CODE_SIGN_STYLE = Automatic;
				CURRENT_PROJECT_VERSION = 1;
				DEVELOPMENT_ASSET_PATHS = "\"WeatherAPI/Preview Content\"";
				DEVELOPMENT_TEAM = 979T59XLUF;
				ENABLE_PREVIEWS = YES;
				GENERATE_INFOPLIST_FILE = YES;
				INFOPLIST_KEY_NSLocationWhenInUseUsageDescription = "Please allow us to access your location";
				INFOPLIST_KEY_UIApplicationSceneManifest_Generation = YES;
				INFOPLIST_KEY_UIApplicationSupportsIndirectInputEvents = YES;
				INFOPLIST_KEY_UILaunchScreen_Generation = YES;
				INFOPLIST_KEY_UISupportedInterfaceOrientations = UIInterfaceOrientationPortrait;
				INFOPLIST_KEY_UISupportedInterfaceOrientations_iPad = "UIInterfaceOrientationPortrait UIInterfaceOrientationPortraitUpsideDown UIInterfaceOrientationLandscapeLeft UIInterfaceOrientationLandscapeRight";
				INFOPLIST_KEY_UISupportedInterfaceOrientations_iPhone = "UIInterfaceOrientationPortrait UIInterfaceOrientationLandscapeLeft UIInterfaceOrientationLandscapeRight";
				IPHONEOS_DEPLOYMENT_TARGET = 15.0;
				LD_RUNPATH_SEARCH_PATHS = (
					"$(inherited)",
					"@executable_path/Frameworks",
				);
				MARKETING_VERSION = 1.0;
				PRODUCT_BUNDLE_IDENTIFIER = com.markskurat.WeatherAPI;
				PRODUCT_NAME = "$(TARGET_NAME)";
				SWIFT_EMIT_LOC_STRINGS = YES;
				SWIFT_VERSION = 5.0;
				TARGETED_DEVICE_FAMILY = 1;
			};
			name = Release;
		};
/* End XCBuildConfiguration section */

/* Begin XCConfigurationList section */
		972BB76C27DFAF250092177F /* Build configuration list for PBXProject "WeatherAPI" */ = {
			isa = XCConfigurationList;
			buildConfigurations = (
				972BB77D27DFAF260092177F /* Debug */,
				972BB77E27DFAF260092177F /* Release */,
			);
			defaultConfigurationIsVisible = 0;
			defaultConfigurationName = Release;
		};
		972BB77F27DFAF260092177F /* Build configuration list for PBXNativeTarget "WeatherAPI" */ = {
			isa = XCConfigurationList;
			buildConfigurations = (
				972BB78027DFAF260092177F /* Debug */,
				972BB78127DFAF260092177F /* Release */,
			);
			defaultConfigurationIsVisible = 0;
			defaultConfigurationName = Release;
		};
/* End XCConfigurationList section */
	};
	rootObject = 972BB76927DFAF250092177F /* Project object */;
}
